
Microsoft Visual Studio Solution File, Format Version 12.00
# Visual Studio Version 17
VisualStudioVersion = 17.5.33530.505
MinimumVisualStudioVersion = 10.0.40219.1
Project("{9A19103F-16F7-4668-BE54-9A1E7A4F7556}") = "UserProducer", "WeatherProducer\UserProducer.csproj", "{291334EB-B092-4427-8F6C-A4435A3CA24E}"
EndProject
Global
	GlobalSection(SolutionConfigurationPlatforms) = preSolution
		Debug|Any CPU = Debug|Any CPU
		Release|Any CPU = Release|Any CPU
	EndGlobalSection
	GlobalSection(ProjectConfigurationPlatforms) = postSolution
		{291334EB-B092-4427-8F6C-A4435A3CA24E}.Debug|Any CPU.ActiveCfg = Debug|Any CPU
		{291334EB-B092-4427-8F6C-A4435A3CA24E}.Debug|Any CPU.Build.0 = Debug|Any CPU
		{291334EB-B092-4427-8F6C-A4435A3CA24E}.Release|Any CPU.ActiveCfg = Release|Any CPU
		{291334EB-B092-4427-8F6C-A4435A3CA24E}.Release|Any CPU.Build.0 = Release|Any CPU
	EndGlobalSection
	GlobalSection(SolutionProperties) = preSolution
		HideSolutionNode = FALSE
	EndGlobalSection
	GlobalSection(ExtensibilityGlobals) = postSolution
		SolutionGuid = {6F96E7EA-8C9D-469C-8E7E-C32FF77C496F}
	EndGlobalSection
EndGlobal
